
Microsoft Visual Studio Solution File, Format Version 12.00
# Visual Studio 14
VisualStudioVersion = 14.0.23107.0
MinimumVisualStudioVersion = 10.0.40219.1
Project("{FAE04EC0-301F-11D3-BF4B-00C04F79EFBC}") = "K2Field.FileSystemBroker", "K2Field.FileSystemBroker.csproj", "{AFE5F3A1-C221-4E92-97D4-E9547D3FA179}"
EndProject
Project("{FAE04EC0-301F-11D3-BF4B-00C04F79EFBC}") = "K2Field.FileSystemBroker.UnitTests", "..\K2Field.FileSystemBroker.UnitTests\K2Field.FileSystemBroker.UnitTests.csproj", "{97D01846-1919-40E4-A9A7-168FB355A901}"
EndProject
Global
	GlobalSection(SolutionConfigurationPlatforms) = preSolution
		Debug|Any CPU = Debug|Any CPU
		Release|Any CPU = Release|Any CPU
	EndGlobalSection
	GlobalSection(ProjectConfigurationPlatforms) = postSolution
		{AFE5F3A1-C221-4E92-97D4-E9547D3FA179}.Debug|Any CPU.ActiveCfg = Debug|Any CPU
		{AFE5F3A1-C221-4E92-97D4-E9547D3FA179}.Debug|Any CPU.Build.0 = Debug|Any CPU
		{AFE5F3A1-C221-4E92-97D4-E9547D3FA179}.Release|Any CPU.ActiveCfg = Release|Any CPU
		{AFE5F3A1-C221-4E92-97D4-E9547D3FA179}.Release|Any CPU.Build.0 = Release|Any CPU
		{97D01846-1919-40E4-A9A7-168FB355A901}.Debug|Any CPU.ActiveCfg = Debug|Any CPU
		{97D01846-1919-40E4-A9A7-168FB355A901}.Debug|Any CPU.Build.0 = Debug|Any CPU
		{97D01846-1919-40E4-A9A7-168FB355A901}.Release|Any CPU.ActiveCfg = Release|Any CPU
		{97D01846-1919-40E4-A9A7-168FB355A901}.Release|Any CPU.Build.0 = Release|Any CPU
	EndGlobalSection
	GlobalSection(SolutionProperties) = preSolution
		HideSolutionNode = FALSE
	EndGlobalSection
EndGlobal
